
Microsoft Visual Studio Solution File, Format Version 12.00
# Visual Studio Version 17
VisualStudioVersion = 17.0.31903.59
MinimumVisualStudioVersion = 10.0.40219.1
Project("{2150E333-8FDC-42A3-9474-1A3956D46DE8}") = "src", "src", "{3F82F4F6-D65E-475D-BCDB-35F6AD7D3DDB}"
EndProject
Project("{FAE04EC0-301F-11D3-BF4B-00C04F79EFBC}") = "WebSerializer", "src\WebSerializer\WebSerializer.csproj", "{A05A92AE-E8F9-49FA-A080-C145C6ECE44D}"
EndProject
Global
	GlobalSection(SolutionConfigurationPlatforms) = preSolution
		Debug|Any CPU = Debug|Any CPU
		Release|Any CPU = Release|Any CPU
	EndGlobalSection
	GlobalSection(ProjectConfigurationPlatforms) = postSolution
		{A05A92AE-E8F9-49FA-A080-C145C6ECE44D}.Debug|Any CPU.ActiveCfg = Debug|Any CPU
		{A05A92AE-E8F9-49FA-A080-C145C6ECE44D}.Debug|Any CPU.Build.0 = Debug|Any CPU
		{A05A92AE-E8F9-49FA-A080-C145C6ECE44D}.Release|Any CPU.ActiveCfg = Release|Any CPU
		{A05A92AE-E8F9-49FA-A080-C145C6ECE44D}.Release|Any CPU.Build.0 = Release|Any CPU
	EndGlobalSection
	GlobalSection(SolutionProperties) = preSolution
		HideSolutionNode = FALSE
	EndGlobalSection
	GlobalSection(NestedProjects) = preSolution
		{A05A92AE-E8F9-49FA-A080-C145C6ECE44D} = {3F82F4F6-D65E-475D-BCDB-35F6AD7D3DDB}
	EndGlobalSection
	GlobalSection(ExtensibilityGlobals) = postSolution
		SolutionGuid = {37DC0C5D-4F92-4464-B9EE-AA3174D2E684}
	EndGlobalSection
EndGlobal
